
Microsoft Visual Studio Solution File, Format Version 12.00
# Visual Studio Version 17
VisualStudioVersion = 17.8.34525.116
MinimumVisualStudioVersion = 10.0.40219.1
Project("{FAE04EC0-301F-11D3-BF4B-00C04F79EFBC}") = "NonTransitiveGame", "NonTransitiveGame\NonTransitiveGame.csproj", "{0F2695E4-D827-4E96-9BDB-739428A4ECB2}"
EndProject
Global
	GlobalSection(SolutionConfigurationPlatforms) = preSolution
		Debug|Any CPU = Debug|Any CPU
		Release|Any CPU = Release|Any CPU
	EndGlobalSection
	GlobalSection(ProjectConfigurationPlatforms) = postSolution
		{0F2695E4-D827-4E96-9BDB-739428A4ECB2}.Debug|Any CPU.ActiveCfg = Debug|Any CPU
		{0F2695E4-D827-4E96-9BDB-739428A4ECB2}.Debug|Any CPU.Build.0 = Debug|Any CPU
		{0F2695E4-D827-4E96-9BDB-739428A4ECB2}.Release|Any CPU.ActiveCfg = Release|Any CPU
		{0F2695E4-D827-4E96-9BDB-739428A4ECB2}.Release|Any CPU.Build.0 = Release|Any CPU
	EndGlobalSection
	GlobalSection(SolutionProperties) = preSolution
		HideSolutionNode = FALSE
	EndGlobalSection
	GlobalSection(ExtensibilityGlobals) = postSolution
		SolutionGuid = {6E8159C8-8D10-45A3-AC2F-1D8B9B91B2A9}
	EndGlobalSection
EndGlobal
